// !$*UTF8*$!
{
	archiveVersion = 1;
	classes = {
	};
	objectVersion = 46;
	objects = {

/* Begin PBXBuildFile section */
		30358272191CAEFB00BBD933 /* Foundation.framework in Frameworks */ = {isa = PBXBuildFile; fileRef = 30358271191CAEFB00BBD933 /* Foundation.framework */; };
		30358274191CAEFB00BBD933 /* CoreGraphics.framework in Frameworks */ = {isa = PBXBuildFile; fileRef = 30358273191CAEFB00BBD933 /* CoreGraphics.framework */; };
		30358276191CAEFB00BBD933 /* UIKit.framework in Frameworks */ = {isa = PBXBuildFile; fileRef = 30358275191CAEFB00BBD933 /* UIKit.framework */; };
		3035827C191CAEFB00BBD933 /* InfoPlist.strings in Resources */ = {isa = PBXBuildFile; fileRef = 3035827A191CAEFB00BBD933 /* InfoPlist.strings */; };
		3035827E191CAEFB00BBD933 /* main.m in Sources */ = {isa = PBXBuildFile; fileRef = 3035827D191CAEFB00BBD933 /* main.m */; };
		30358282191CAEFB00BBD933 /* KKAppDelegate.m in Sources */ = {isa = PBXBuildFile; fileRef = 30358281191CAEFB00BBD933 /* KKAppDelegate.m */; };
		30358285191CAEFB00BBD933 /* Main_iPhone.storyboard in Resources */ = {isa = PBXBuildFile; fileRef = 30358283191CAEFB00BBD933 /* Main_iPhone.storyboard */; };
		30358288191CAEFB00BBD933 /* Main_iPad.storyboard in Resources */ = {isa = PBXBuildFile; fileRef = 30358286191CAEFB00BBD933 /* Main_iPad.storyboard */; };
		3035828B191CAEFB00BBD933 /* KKViewController.m in Sources */ = {isa = PBXBuildFile; fileRef = 3035828A191CAEFB00BBD933 /* KKViewController.m */; };
		3035828D191CAEFB00BBD933 /* Images.xcassets in Resources */ = {isa = PBXBuildFile; fileRef = 3035828C191CAEFB00BBD933 /* Images.xcassets */; };
		30358294191CAEFB00BBD933 /* XCTest.framework in Frameworks */ = {isa = PBXBuildFile; fileRef = 30358293191CAEFB00BBD933 /* XCTest.framework */; };
		30358295191CAEFB00BBD933 /* Foundation.framework in Frameworks */ = {isa = PBXBuildFile; fileRef = 30358271191CAEFB00BBD933 /* Foundation.framework */; };
		30358296191CAEFB00BBD933 /* UIKit.framework in Frameworks */ = {isa = PBXBuildFile; fileRef = 30358275191CAEFB00BBD933 /* UIKit.framework */; };
		3035829E191CAEFB00BBD933 /* InfoPlist.strings in Resources */ = {isa = PBXBuildFile; fileRef = 3035829C191CAEFB00BBD933 /* InfoPlist.strings */; };
		303582A0191CAEFB00BBD933 /* AUSimplePlayerTests.m in Sources */ = {isa = PBXBuildFile; fileRef = 3035829F191CAEFB00BBD933 /* AUSimplePlayerTests.m */; };
		303582AB191CB08300BBD933 /* AUSimplePlayer.m in Sources */ = {isa = PBXBuildFile; fileRef = 303582AA191CB08300BBD933 /* AUSimplePlayer.m */; };
		30E3B3E7191FDEBB008B2BF8 /* KKEQListViewController.m in Sources */ = {isa = PBXBuildFile; fileRef = 30E3B3E6191FDEBB008B2BF8 /* KKEQListViewController.m */; };
/* End PBXBuildFile section */

/* Begin PBXContainerItemProxy section */
		30358297191CAEFB00BBD933 /* PBXContainerItemProxy */ = {
			isa = PBXContainerItemProxy;
			containerPortal = 30358266191CAEFB00BBD933 /* Project object */;
			proxyType = 1;
			remoteGlobalIDString = 3035826D191CAEFB00BBD933;
			remoteInfo = AUSimplePlayer;
		};
/* End PBXContainerItemProxy section */

/* Begin PBXFileReference section */
		3035826E191CAEFB00BBD933 /* AUSimplePlayer.app */ = {isa = PBXFileReference; explicitFileType = wrapper.application; includeInIndex = 0; path = AUSimplePlayer.app; sourceTree = BUILT_PRODUCTS_DIR; };
		30358271191CAEFB00BBD933 /* Foundation.framework */ = {isa = PBXFileReference; lastKnownFileType = wrapper.framework; name = Foundation.framework; path = System/Library/Frameworks/Foundation.framework; sourceTree = SDKROOT; };
		30358273191CAEFB00BBD933 /* CoreGraphics.framework */ = {isa = PBXFileReference; lastKnownFileType = wrapper.framework; name = CoreGraphics.framework; path = System/Library/Frameworks/CoreGraphics.framework; sourceTree = SDKROOT; };
		30358275191CAEFB00BBD933 /* UIKit.framework */ = {isa = PBXFileReference; lastKnownFileType = wrapper.framework; name = UIKit.framework; path = System/Library/Frameworks/UIKit.framework; sourceTree = SDKROOT; };
		30358279191CAEFB00BBD933 /* AUSimplePlayer-Info.plist */ = {isa = PBXFileReference; lastKnownFileType = text.plist.xml; path = "AUSimplePlayer-Info.plist"; sourceTree = "<group>"; };
		3035827B191CAEFB00BBD933 /* en */ = {isa = PBXFileReference; lastKnownFileType = text.plist.strings; name = en; path = en.lproj/InfoPlist.strings; sourceTree = "<group>"; };
		3035827D191CAEFB00BBD933 /* main.m */ = {isa = PBXFileReference; lastKnownFileType = sourcecode.c.objc; path = main.m; sourceTree = "<group>"; };
		3035827F191CAEFB00BBD933 /* AUSimplePlayer-Prefix.pch */ = {isa = PBXFileReference; lastKnownFileType = sourcecode.c.h; path = "AUSimplePlayer-Prefix.pch"; sourceTree = "<group>"; };
		30358280191CAEFB00BBD933 /* KKAppDelegate.h */ = {isa = PBXFileReference; lastKnownFileType = sourcecode.c.h; path = KKAppDelegate.h; sourceTree = "<group>"; };
		30358281191CAEFB00BBD933 /* KKAppDelegate.m */ = {isa = PBXFileReference; lastKnownFileType = sourcecode.c.objc; path = KKAppDelegate.m; sourceTree = "<group>"; };
		30358284191CAEFB00BBD933 /* Base */ = {isa = PBXFileReference; lastKnownFileType = file.storyboard; name = Base; path = Base.lproj/Main_iPhone.storyboard; sourceTree = "<group>"; };
		30358287191CAEFB00BBD933 /* Base */ = {isa = PBXFileReference; lastKnownFileType = file.storyboard; name = Base; path = Base.lproj/Main_iPad.storyboard; sourceTree = "<group>"; };
		30358289191CAEFB00BBD933 /* KKViewController.h */ = {isa = PBXFileReference; lastKnownFileType = sourcecode.c.h; path = KKViewController.h; sourceTree = "<group>"; };
		3035828A191CAEFB00BBD933 /* KKViewController.m */ = {isa = PBXFileReference; lastKnownFileType = sourcecode.c.objc; path = KKViewController.m; sourceTree = "<group>"; };
		3035828C191CAEFB00BBD933 /* Images.xcassets */ = {isa = PBXFileReference; lastKnownFileType = folder.assetcatalog; path = Images.xcassets; sourceTree = "<group>"; };
		30358292191CAEFB00BBD933 /* AUSimplePlayerTests.xctest */ = {isa = PBXFileReference; explicitFileType = wrapper.cfbundle; includeInIndex = 0; path = AUSimplePlayerTests.xctest; sourceTree = BUILT_PRODUCTS_DIR; };
		30358293191CAEFB00BBD933 /* XCTest.framework */ = {isa = PBXFileReference; lastKnownFileType = wrapper.framework; name = XCTest.framework; path = Library/Frameworks/XCTest.framework; sourceTree = DEVELOPER_DIR; };
		3035829B191CAEFB00BBD933 /* AUSimplePlayerTests-Info.plist */ = {isa = PBXFileReference; lastKnownFileType = text.plist.xml; path = "AUSimplePlayerTests-Info.plist"; sourceTree = "<group>"; };
		3035829D191CAEFB00BBD933 /* en */ = {isa = PBXFileReference; lastKnownFileType = text.plist.strings; name = en; path = en.lproj/InfoPlist.strings; sourceTree = "<group>"; };
		3035829F191CAEFB00BBD933 /* AUSimplePlayerTests.m */ = {isa = PBXFileReference; lastKnownFileType = sourcecode.c.objc; path = AUSimplePlayerTests.m; sourceTree = "<group>"; };
		303582A9191CB08300BBD933 /* AUSimplePlayer.h */ = {isa = PBXFileReference; fileEncoding = 4; lastKnownFileType = sourcecode.c.h; path = AUSimplePlayer.h; sourceTree = "<group>"; };
		303582AA191CB08300BBD933 /* AUSimplePlayer.m */ = {isa = PBXFileReference; fileEncoding = 4; lastKnownFileType = sourcecode.c.objc; path = AUSimplePlayer.m; sourceTree = "<group>"; };
		30E3B3E5191FDEBB008B2BF8 /* KKEQListViewController.h */ = {isa = PBXFileReference; fileEncoding = 4; lastKnownFileType = sourcecode.c.h; path = KKEQListViewController.h; sourceTree = "<group>"; };
		30E3B3E6191FDEBB008B2BF8 /* KKEQListViewController.m */ = {isa = PBXFileReference; fileEncoding = 4; lastKnownFileType = sourcecode.c.objc; path = KKEQListViewController.m; sourceTree = "<group>"; };
/* End PBXFileReference section */

/* Begin PBXFrameworksBuildPhase section */
		3035826B191CAEFB00BBD933 /* Frameworks */ = {
			isa = PBXFrameworksBuildPhase;
			buildActionMask = 2147483647;
			files = (
				30358274191CAEFB00BBD933 /* CoreGraphics.framework in Frameworks */,
				30358276191CAEFB00BBD933 /* UIKit.framework in Frameworks */,
				30358272191CAEFB00BBD933 /* Foundation.framework in Frameworks */,
			);
			runOnlyForDeploymentPostprocessing = 0;
		};
		3035828F191CAEFB00BBD933 /* Frameworks */ = {
			isa = PBXFrameworksBuildPhase;
			buildActionMask = 2147483647;
			files = (
				30358294191CAEFB00BBD933 /* XCTest.framework in Frameworks */,
				30358296191CAEFB00BBD933 /* UIKit.framework in Frameworks */,
				30358295191CAEFB00BBD933 /* Foundation.framework in Frameworks */,
			);
			runOnlyForDeploymentPostprocessing = 0;
		};
/* End PBXFrameworksBuildPhase section */

/* Begin PBXGroup section */
		30358265191CAEFB00BBD933 = {
			isa = PBXGroup;
			children = (
				30358277191CAEFB00BBD933 /* AUSimplePlayer */,
				30358299191CAEFB00BBD933 /* AUSimplePlayerTests */,
				30358270191CAEFB00BBD933 /* Frameworks */,
				3035826F191CAEFB00BBD933 /* Products */,
			);
			sourceTree = "<group>";
		};
		3035826F191CAEFB00BBD933 /* Products */ = {
			isa = PBXGroup;
			children = (
				3035826E191CAEFB00BBD933 /* AUSimplePlayer.app */,
				30358292191CAEFB00BBD933 /* AUSimplePlayerTests.xctest */,
			);
			name = Products;
			sourceTree = "<group>";
		};
		30358270191CAEFB00BBD933 /* Frameworks */ = {
			isa = PBXGroup;
			children = (
				30358271191CAEFB00BBD933 /* Foundation.framework */,
				30358273191CAEFB00BBD933 /* CoreGraphics.framework */,
				30358275191CAEFB00BBD933 /* UIKit.framework */,
				30358293191CAEFB00BBD933 /* XCTest.framework */,
			);
			name = Frameworks;
			sourceTree = "<group>";
		};
		30358277191CAEFB00BBD933 /* AUSimplePlayer */ = {
			isa = PBXGroup;
			children = (
				30358280191CAEFB00BBD933 /* KKAppDelegate.h */,
				30358281191CAEFB00BBD933 /* KKAppDelegate.m */,
				30358283191CAEFB00BBD933 /* Main_iPhone.storyboard */,
				30358286191CAEFB00BBD933 /* Main_iPad.storyboard */,
				30358289191CAEFB00BBD933 /* KKViewController.h */,
				3035828A191CAEFB00BBD933 /* KKViewController.m */,
				30E3B3E5191FDEBB008B2BF8 /* KKEQListViewController.h */,
				30E3B3E6191FDEBB008B2BF8 /* KKEQListViewController.m */,
				3035828C191CAEFB00BBD933 /* Images.xcassets */,
				30358278191CAEFB00BBD933 /* Supporting Files */,
				303582A9191CB08300BBD933 /* AUSimplePlayer.h */,
				303582AA191CB08300BBD933 /* AUSimplePlayer.m */,
			);
			path = AUSimplePlayer;
			sourceTree = "<group>";
		};
		30358278191CAEFB00BBD933 /* Supporting Files */ = {
			isa = PBXGroup;
			children = (
				30358279191CAEFB00BBD933 /* AUSimplePlayer-Info.plist */,
				3035827A191CAEFB00BBD933 /* InfoPlist.strings */,
				3035827D191CAEFB00BBD933 /* main.m */,
				3035827F191CAEFB00BBD933 /* AUSimplePlayer-Prefix.pch */,
			);
			name = "Supporting Files";
			sourceTree = "<group>";
		};
		30358299191CAEFB00BBD933 /* AUSimplePlayerTests */ = {
			isa = PBXGroup;
			children = (
				3035829F191CAEFB00BBD933 /* AUSimplePlayerTests.m */,
				3035829A191CAEFB00BBD933 /* Supporting Files */,
			);
			path = AUSimplePlayerTests;
			sourceTree = "<group>";
		};
		3035829A191CAEFB00BBD933 /* Supporting Files */ = {
			isa = PBXGroup;
			children = (
				3035829B191CAEFB00BBD933 /* AUSimplePlayerTests-Info.plist */,
				3035829C191CAEFB00BBD933 /* InfoPlist.strings */,
			);
			name = "Supporting Files";
			sourceTree = "<group>";
		};
/* End PBXGroup section */

/* Begin PBXNativeTarget section */
		3035826D191CAEFB00BBD933 /* AUSimplePlayer */ = {
			isa = PBXNativeTarget;
			buildConfigurationList = 303582A3191CAEFB00BBD933 /* Build configuration list for PBXNativeTarget "AUSimplePlayer" */;
			buildPhases = (
				3035826A191CAEFB00BBD933 /* Sources */,
				3035826B191CAEFB00BBD933 /* Frameworks */,
				3035826C191CAEFB00BBD933 /* Resources */,
			);
			buildRules = (
			);
			dependencies = (
			);
			name = AUSimplePlayer;
			productName = AUSimplePlayer;
			productReference = 3035826E191CAEFB00BBD933 /* AUSimplePlayer.app */;
			productType = "com.apple.product-type.application";
		};
		30358291191CAEFB00BBD933 /* AUSimplePlayerTests */ = {
			isa = PBXNativeTarget;
			buildConfigurationList = 303582A6191CAEFB00BBD933 /* Build configuration list for PBXNativeTarget "AUSimplePlayerTests" */;
			buildPhases = (
				3035828E191CAEFB00BBD933 /* Sources */,
				3035828F191CAEFB00BBD933 /* Frameworks */,
				30358290191CAEFB00BBD933 /* Resources */,
			);
			buildRules = (
			);
			dependencies = (
				30358298191CAEFB00BBD933 /* PBXTargetDependency */,
			);
			name = AUSimplePlayerTests;
			productName = AUSimplePlayerTests;
			productReference = 30358292191CAEFB00BBD933 /* AUSimplePlayerTests.xctest */;
			productType = "com.apple.product-type.bundle.unit-test";
		};
/* End PBXNativeTarget section */

/* Begin PBXProject section */
		30358266191CAEFB00BBD933 /* Project object */ = {
			isa = PBXProject;
			attributes = {
				CLASSPREFIX = KK;
				LastUpgradeCheck = 0510;
				ORGANIZATIONNAME = KKBOX;
				TargetAttributes = {
					30358291191CAEFB00BBD933 = {
						TestTargetID = 3035826D191CAEFB00BBD933;
					};
				};
			};
			buildConfigurationList = 30358269191CAEFB00BBD933 /* Build configuration list for PBXProject "AUSimplePlayer" */;
			compatibilityVersion = "Xcode 3.2";
			developmentRegion = English;
			hasScannedForEncodings = 0;
			knownRegions = (
				en,
				Base,
			);
			mainGroup = 30358265191CAEFB00BBD933;
			productRefGroup = 3035826F191CAEFB00BBD933 /* Products */;
			projectDirPath = "";
			projectRoot = "";
			targets = (
				3035826D191CAEFB00BBD933 /* AUSimplePlayer */,
				30358291191CAEFB00BBD933 /* AUSimplePlayerTests */,
			);
		};
/* End PBXProject section */

/* Begin PBXResourcesBuildPhase section */
		3035826C191CAEFB00BBD933 /* Resources */ = {
			isa = PBXResourcesBuildPhase;
			buildActionMask = 2147483647;
			files = (
				30358288191CAEFB00BBD933 /* Main_iPad.storyboard in Resources */,
				3035828D191CAEFB00BBD933 /* Images.xcassets in Resources */,
				30358285191CAEFB00BBD933 /* Main_iPhone.storyboard in Resources */,
				3035827C191CAEFB00BBD933 /* InfoPlist.strings in Resources */,
			);
			runOnlyForDeploymentPostprocessing = 0;
		};
		30358290191CAEFB00BBD933 /* Resources */ = {
			isa = PBXResourcesBuildPhase;
			buildActionMask = 2147483647;
			files = (
				3035829E191CAEFB00BBD933 /* InfoPlist.strings in Resources */,
			);
			runOnlyForDeploymentPostprocessing = 0;
		};
/* End PBXResourcesBuildPhase section */

/* Begin PBXSourcesBuildPhase section */
		3035826A191CAEFB00BBD933 /* Sources */ = {
			isa = PBXSourcesBuildPhase;
			buildActionMask = 2147483647;
			files = (
				303582AB191CB08300BBD933 /* AUSimplePlayer.m in Sources */,
				30E3B3E7191FDEBB008B2BF8 /* KKEQListViewController.m in Sources */,
				3035828B191CAEFB00BBD933 /* KKViewController.m in Sources */,
				30358282191CAEFB00BBD933 /* KKAppDelegate.m in Sources */,
				3035827E191CAEFB00BBD933 /* main.m in Sources */,
			);
			runOnlyForDeploymentPostprocessing = 0;
		};
		3035828E191CAEFB00BBD933 /* Sources */ = {
			isa = PBXSourcesBuildPhase;
			buildActionMask = 2147483647;
			files = (
				303582A0191CAEFB00BBD933 /* AUSimplePlayerTests.m in Sources */,
			);
			runOnlyForDeploymentPostprocessing = 0;
		};
/* End PBXSourcesBuildPhase section */

/* Begin PBXTargetDependency section */
		30358298191CAEFB00BBD933 /* PBXTargetDependency */ = {
			isa = PBXTargetDependency;
			target = 3035826D191CAEFB00BBD933 /* AUSimplePlayer */;
			targetProxy = 30358297191CAEFB00BBD933 /* PBXContainerItemProxy */;
		};
/* End PBXTargetDependency section */

/* Begin PBXVariantGroup section */
		3035827A191CAEFB00BBD933 /* InfoPlist.strings */ = {
			isa = PBXVariantGroup;
			children = (
				3035827B191CAEFB00BBD933 /* en */,
			);
			name = InfoPlist.strings;
			sourceTree = "<group>";
		};
		30358283191CAEFB00BBD933 /* Main_iPhone.storyboard */ = {
			isa = PBXVariantGroup;
			children = (
				30358284191CAEFB00BBD933 /* Base */,
			);
			name = Main_iPhone.storyboard;
			sourceTree = "<group>";
		};
		30358286191CAEFB00BBD933 /* Main_iPad.storyboard */ = {
			isa = PBXVariantGroup;
			children = (
				30358287191CAEFB00BBD933 /* Base */,
			);
			name = Main_iPad.storyboard;
			sourceTree = "<group>";
		};
		3035829C191CAEFB00BBD933 /* InfoPlist.strings */ = {
			isa = PBXVariantGroup;
			children = (
				3035829D191CAEFB00BBD933 /* en */,
			);
			name = InfoPlist.strings;
			sourceTree = "<group>";
		};
/* End PBXVariantGroup section */

/* Begin XCBuildConfiguration section */
		303582A1191CAEFB00BBD933 /* Debug */ = {
			isa = XCBuildConfiguration;
			buildSettings = {
				ALWAYS_SEARCH_USER_PATHS = NO;
				CLANG_CXX_LANGUAGE_STANDARD = "gnu++0x";
				CLANG_CXX_LIBRARY = "libc++";
				CLANG_ENABLE_MODULES = YES;
				CLANG_ENABLE_OBJC_ARC = YES;
				CLANG_WARN_BOOL_CONVERSION = YES;
				CLANG_WARN_CONSTANT_CONVERSION = YES;
				CLANG_WARN_DIRECT_OBJC_ISA_USAGE = YES_ERROR;
				CLANG_WARN_EMPTY_BODY = YES;
				CLANG_WARN_ENUM_CONVERSION = YES;
				CLANG_WARN_INT_CONVERSION = YES;
				CLANG_WARN_OBJC_ROOT_CLASS = YES_ERROR;
				CLANG_WARN__DUPLICATE_METHOD_MATCH = YES;
				"CODE_SIGN_IDENTITY[sdk=iphoneos*]" = "iPhone Developer";
				COPY_PHASE_STRIP = NO;
				GCC_C_LANGUAGE_STANDARD = gnu99;
				GCC_DYNAMIC_NO_PIC = NO;
				GCC_OPTIMIZATION_LEVEL = 0;
				GCC_PREPROCESSOR_DEFINITIONS = (
					"DEBUG=1",
					"$(inherited)",
				);
				GCC_SYMBOLS_PRIVATE_EXTERN = NO;
				GCC_WARN_64_TO_32_BIT_CONVERSION = YES;
				GCC_WARN_ABOUT_RETURN_TYPE = YES_ERROR;
				GCC_WARN_UNDECLARED_SELECTOR = YES;
				GCC_WARN_UNINITIALIZED_AUTOS = YES_AGGRESSIVE;
				GCC_WARN_UNUSED_FUNCTION = YES;
				GCC_WARN_UNUSED_VARIABLE = YES;
				IPHONEOS_DEPLOYMENT_TARGET = 7.1;
				ONLY_ACTIVE_ARCH = YES;
				SDKROOT = iphoneos;
				TARGETED_DEVICE_FAMILY = "1,2";
			};
			name = Debug;
		};
		303582A2191CAEFB00BBD933 /* Release */ = {
			isa = XCBuildConfiguration;
			buildSettings = {
				ALWAYS_SEARCH_USER_PATHS = NO;
				CLANG_CXX_LANGUAGE_STANDARD = "gnu++0x";
				CLANG_CXX_LIBRARY = "libc++";
				CLANG_ENABLE_MODULES = YES;
				CLANG_ENABLE_OBJC_ARC = YES;
				CLANG_WARN_BOOL_CONVERSION = YES;
				CLANG_WARN_CONSTANT_CONVERSION = YES;
				CLANG_WARN_DIRECT_OBJC_ISA_USAGE = YES_ERROR;
				CLANG_WARN_EMPTY_BODY = YES;
				CLANG_WARN_ENUM_CONVERSION = YES;
				CLANG_WARN_INT_CONVERSION = YES;
				CLANG_WARN_OBJC_ROOT_CLASS = YES_ERROR;
				CLANG_WARN__DUPLICATE_METHOD_MATCH = YES;
				"CODE_SIGN_IDENTITY[sdk=iphoneos*]" = "iPhone Developer";
				COPY_PHASE_STRIP = YES;
				ENABLE_NS_ASSERTIONS = NO;
				GCC_C_LANGUAGE_STANDARD = gnu99;
				GCC_WARN_64_TO_32_BIT_CONVERSION = YES;
				GCC_WARN_ABOUT_RETURN_TYPE = YES_ERROR;
				GCC_WARN_UNDECLARED_SELECTOR = YES;
				GCC_WARN_UNINITIALIZED_AUTOS = YES_AGGRESSIVE;
				GCC_WARN_UNUSED_FUNCTION = YES;
				GCC_WARN_UNUSED_VARIABLE = YES;
				IPHONEOS_DEPLOYMENT_TARGET = 7.1;
				SDKROOT = iphoneos;
				TARGETED_DEVICE_FAMILY = "1,2";
				VALIDATE_PRODUCT = YES;
			};
			name = Release;
		};
		303582A4191CAEFB00BBD933 /* Debug */ = {
			isa = XCBuildConfiguration;
			buildSettings = {
				ASSETCATALOG_COMPILER_APPICON_NAME = AppIcon;
				ASSETCATALOG_COMPILER_LAUNCHIMAGE_NAME = LaunchImage;
				GCC_PRECOMPILE_PREFIX_HEADER = YES;
				GCC_PREFIX_HEADER = "AUSimplePlayer/AUSimplePlayer-Prefix.pch";
				INFOPLIST_FILE = "AUSimplePlayer/AUSimplePlayer-Info.plist";
				PRODUCT_NAME = "$(TARGET_NAME)";
				WRAPPER_EXTENSION = app;
			};
			name = Debug;
		};
		303582A5191CAEFB00BBD933 /* Release */ = {
			isa = XCBuildConfiguration;
			buildSettings = {
				ASSETCATALOG_COMPILER_APPICON_NAME = AppIcon;
				ASSETCATALOG_COMPILER_LAUNCHIMAGE_NAME = LaunchImage;
				GCC_PRECOMPILE_PREFIX_HEADER = YES;
				GCC_PREFIX_HEADER = "AUSimplePlayer/AUSimplePlayer-Prefix.pch";
				INFOPLIST_FILE = "AUSimplePlayer/AUSimplePlayer-Info.plist";
				PRODUCT_NAME = "$(TARGET_NAME)";
				WRAPPER_EXTENSION = app;
			};
			name = Release;
		};
		303582A7191CAEFB00BBD933 /* Debug */ = {
			isa = XCBuildConfiguration;
			buildSettings = {
				BUNDLE_LOADER = "$(BUILT_PRODUCTS_DIR)/AUSimplePlayer.app/AUSimplePlayer";
				FRAMEWORK_SEARCH_PATHS = (
					"$(SDKROOT)/Developer/Library/Frameworks",
					"$(inherited)",
					"$(DEVELOPER_FRAMEWORKS_DIR)",
				);
				GCC_PRECOMPILE_PREFIX_HEADER = YES;
				GCC_PREFIX_HEADER = "AUSimplePlayer/AUSimplePlayer-Prefix.pch";
				GCC_PREPROCESSOR_DEFINITIONS = (
					"DEBUG=1",
					"$(inherited)",
				);
				INFOPLIST_FILE = "AUSimplePlayerTests/AUSimplePlayerTests-Info.plist";
				PRODUCT_NAME = "$(TARGET_NAME)";
				TEST_HOST = "$(BUNDLE_LOADER)";
				WRAPPER_EXTENSION = xctest;
			};
			name = Debug;
		};
		303582A8191CAEFB00BBD933 /* Release */ = {
			isa = XCBuildConfiguration;
			buildSettings = {
				BUNDLE_LOADER = "$(BUILT_PRODUCTS_DIR)/AUSimplePlayer.app/AUSimplePlayer";
				FRAMEWORK_SEARCH_PATHS = (
					"$(SDKROOT)/Developer/Library/Frameworks",
					"$(inherited)",
					"$(DEVELOPER_FRAMEWORKS_DIR)",
				);
				GCC_PRECOMPILE_PREFIX_HEADER = YES;
				GCC_PREFIX_HEADER = "AUSimplePlayer/AUSimplePlayer-Prefix.pch";
				INFOPLIST_FILE = "AUSimplePlayerTests/AUSimplePlayerTests-Info.plist";
				PRODUCT_NAME = "$(TARGET_NAME)";
				TEST_HOST = "$(BUNDLE_LOADER)";
				WRAPPER_EXTENSION = xctest;
			};
			name = Release;
		};
/* End XCBuildConfiguration section */

/* Begin XCConfigurationList section */
		30358269191CAEFB00BBD933 /* Build configuration list for PBXProject "AUSimplePlayer" */ = {
			isa = XCConfigurationList;
			buildConfigurations = (
				303582A1191CAEFB00BBD933 /* Debug */,
				303582A2191CAEFB00BBD933 /* Release */,
			);
			defaultConfigurationIsVisible = 0;
			defaultConfigurationName = Release;
		};
		303582A3191CAEFB00BBD933 /* Build configuration list for PBXNativeTarget "AUSimplePlayer" */ = {
			isa = XCConfigurationList;
			buildConfigurations = (
				303582A4191CAEFB00BBD933 /* Debug */,
				303582A5191CAEFB00BBD933 /* Release */,
			);
			defaultConfigurationIsVisible = 0;
			defaultConfigurationName = Release;
		};
		303582A6191CAEFB00BBD933 /* Build configuration list for PBXNativeTarget "AUSimplePlayerTests" */ = {
			isa = XCConfigurationList;
			buildConfigurations = (
				303582A7191CAEFB00BBD933 /* Debug */,
				303582A8191CAEFB00BBD933 /* Release */,
			);
			defaultConfigurationIsVisible = 0;
			defaultConfigurationName = Release;
		};
/* End XCConfigurationList section */
	};
	rootObject = 30358266191CAEFB00BBD933 /* Project object */;
}
